
Microsoft Visual Studio Solution File, Format Version 12.00
# Visual Studio Version 17
VisualStudioVersion = 17.5.33530.505
MinimumVisualStudioVersion = 10.0.40219.1
Project("{9A19103F-16F7-4668-BE54-9A1E7A4F7556}") = "WebApplication1", "WebApplication1\WebApplication1.csproj", "{04EFD1B2-7375-4648-B1F3-D083A454FDCD}"
EndProject
Project("{9A19103F-16F7-4668-BE54-9A1E7A4F7556}") = "OrderAPI", "OrderAPI\OrderAPI.csproj", "{8B0577D6-6F0A-439D-A241-A548940090A9}"
EndProject
Project("{9A19103F-16F7-4668-BE54-9A1E7A4F7556}") = "APIGateway", "APIGateway\APIGateway.csproj", "{C41A3C6C-0420-40F2-91A4-6AB3D64F0422}"
EndProject
Project("{9A19103F-16F7-4668-BE54-9A1E7A4F7556}") = "ServerIDS4", "ServerIDS4\ServerIDS4.csproj", "{CB92C8D4-0388-4AD6-94EB-3A6699FE848A}"
EndProject
Project("{9A19103F-16F7-4668-BE54-9A1E7A4F7556}") = "Server", "Server\Server.csproj", "{182E1FC0-0535-41DA-B2B0-9CE6F01DE79C}"
EndProject
Project("{9A19103F-16F7-4668-BE54-9A1E7A4F7556}") = "BlazorApp1", "BlazorApp1\BlazorApp1.csproj", "{12A154E6-481B-48B1-844E-C0B10F94568C}"
EndProject
Project("{9A19103F-16F7-4668-BE54-9A1E7A4F7556}") = "ServerSignal", "ServerSignal\ServerSignal.csproj", "{4A142FA6-68DC-471F-8D15-B1658A18B2B0}"
EndProject
Project("{9A19103F-16F7-4668-BE54-9A1E7A4F7556}") = "ServerSignalData", "ServerSignalData\ServerSignalData.csproj", "{2FCAC3C0-3D93-4ED5-9D4C-E83C6176F442}"
EndProject
Project("{9A19103F-16F7-4668-BE54-9A1E7A4F7556}") = "RabitQpProductAPI", "RabitQpProductAPI\RabitQpProductAPI.csproj", "{7F9CC88F-D8BF-48C0-933F-03EDF10F8490}"
EndProject
Project("{9A19103F-16F7-4668-BE54-9A1E7A4F7556}") = "RabitQpProductAPI.ConsoleApp", "RabitQpProductAPI.ConsoleApp\RabitQpProductAPI.ConsoleApp.csproj", "{6F77CF28-5EEA-4D34-AB36-34188708DEE3}"
EndProject
Project("{FAE04EC0-301F-11D3-BF4B-00C04F79EFBC}") = "RabitQpProductAPI.ConsoleApp2", "RabitQpProductAPI.ConsoleApp2\RabitQpProductAPI.ConsoleApp2.csproj", "{232510B7-8AB5-46C1-B6F2-9CEE5C2F9F1D}"
EndProject
Global
	GlobalSection(SolutionConfigurationPlatforms) = preSolution
		Debug|Any CPU = Debug|Any CPU
		Release|Any CPU = Release|Any CPU
	EndGlobalSection
	GlobalSection(ProjectConfigurationPlatforms) = postSolution
		{04EFD1B2-7375-4648-B1F3-D083A454FDCD}.Debug|Any CPU.ActiveCfg = Release|Any CPU
		{04EFD1B2-7375-4648-B1F3-D083A454FDCD}.Debug|Any CPU.Build.0 = Release|Any CPU
		{04EFD1B2-7375-4648-B1F3-D083A454FDCD}.Release|Any CPU.ActiveCfg = Debug|Any CPU
		{04EFD1B2-7375-4648-B1F3-D083A454FDCD}.Release|Any CPU.Build.0 = Debug|Any CPU
		{8B0577D6-6F0A-439D-A241-A548940090A9}.Debug|Any CPU.ActiveCfg = Release|Any CPU
		{8B0577D6-6F0A-439D-A241-A548940090A9}.Debug|Any CPU.Build.0 = Release|Any CPU
		{8B0577D6-6F0A-439D-A241-A548940090A9}.Release|Any CPU.ActiveCfg = Debug|Any CPU
		{8B0577D6-6F0A-439D-A241-A548940090A9}.Release|Any CPU.Build.0 = Debug|Any CPU
		{C41A3C6C-0420-40F2-91A4-6AB3D64F0422}.Debug|Any CPU.ActiveCfg = Release|Any CPU
		{C41A3C6C-0420-40F2-91A4-6AB3D64F0422}.Debug|Any CPU.Build.0 = Release|Any CPU
		{C41A3C6C-0420-40F2-91A4-6AB3D64F0422}.Release|Any CPU.ActiveCfg = Debug|Any CPU
		{C41A3C6C-0420-40F2-91A4-6AB3D64F0422}.Release|Any CPU.Build.0 = Debug|Any CPU
		{CB92C8D4-0388-4AD6-94EB-3A6699FE848A}.Debug|Any CPU.ActiveCfg = Release|Any CPU
		{CB92C8D4-0388-4AD6-94EB-3A6699FE848A}.Debug|Any CPU.Build.0 = Release|Any CPU
		{CB92C8D4-0388-4AD6-94EB-3A6699FE848A}.Release|Any CPU.ActiveCfg = Debug|Any CPU
		{CB92C8D4-0388-4AD6-94EB-3A6699FE848A}.Release|Any CPU.Build.0 = Debug|Any CPU
		{182E1FC0-0535-41DA-B2B0-9CE6F01DE79C}.Debug|Any CPU.ActiveCfg = Debug|Any CPU
		{182E1FC0-0535-41DA-B2B0-9CE6F01DE79C}.Debug|Any CPU.Build.0 = Debug|Any CPU
		{182E1FC0-0535-41DA-B2B0-9CE6F01DE79C}.Release|Any CPU.ActiveCfg = Release|Any CPU
		{182E1FC0-0535-41DA-B2B0-9CE6F01DE79C}.Release|Any CPU.Build.0 = Release|Any CPU
		{12A154E6-481B-48B1-844E-C0B10F94568C}.Debug|Any CPU.ActiveCfg = Debug|Any CPU
		{12A154E6-481B-48B1-844E-C0B10F94568C}.Debug|Any CPU.Build.0 = Debug|Any CPU
		{12A154E6-481B-48B1-844E-C0B10F94568C}.Release|Any CPU.ActiveCfg = Release|Any CPU
		{12A154E6-481B-48B1-844E-C0B10F94568C}.Release|Any CPU.Build.0 = Release|Any CPU
		{4A142FA6-68DC-471F-8D15-B1658A18B2B0}.Debug|Any CPU.ActiveCfg = Debug|Any CPU
		{4A142FA6-68DC-471F-8D15-B1658A18B2B0}.Debug|Any CPU.Build.0 = Debug|Any CPU
		{4A142FA6-68DC-471F-8D15-B1658A18B2B0}.Release|Any CPU.ActiveCfg = Release|Any CPU
		{4A142FA6-68DC-471F-8D15-B1658A18B2B0}.Release|Any CPU.Build.0 = Release|Any CPU
		{2FCAC3C0-3D93-4ED5-9D4C-E83C6176F442}.Debug|Any CPU.ActiveCfg = Debug|Any CPU
		{2FCAC3C0-3D93-4ED5-9D4C-E83C6176F442}.Debug|Any CPU.Build.0 = Debug|Any CPU
		{2FCAC3C0-3D93-4ED5-9D4C-E83C6176F442}.Release|Any CPU.ActiveCfg = Release|Any CPU
		{2FCAC3C0-3D93-4ED5-9D4C-E83C6176F442}.Release|Any CPU.Build.0 = Release|Any CPU
		{7F9CC88F-D8BF-48C0-933F-03EDF10F8490}.Debug|Any CPU.ActiveCfg = Debug|Any CPU
		{7F9CC88F-D8BF-48C0-933F-03EDF10F8490}.Debug|Any CPU.Build.0 = Debug|Any CPU
		{7F9CC88F-D8BF-48C0-933F-03EDF10F8490}.Release|Any CPU.ActiveCfg = Release|Any CPU
		{7F9CC88F-D8BF-48C0-933F-03EDF10F8490}.Release|Any CPU.Build.0 = Release|Any CPU
		{6F77CF28-5EEA-4D34-AB36-34188708DEE3}.Debug|Any CPU.ActiveCfg = Debug|Any CPU
		{6F77CF28-5EEA-4D34-AB36-34188708DEE3}.Debug|Any CPU.Build.0 = Debug|Any CPU
		{6F77CF28-5EEA-4D34-AB36-34188708DEE3}.Release|Any CPU.ActiveCfg = Release|Any CPU
		{6F77CF28-5EEA-4D34-AB36-34188708DEE3}.Release|Any CPU.Build.0 = Release|Any CPU
		{232510B7-8AB5-46C1-B6F2-9CEE5C2F9F1D}.Debug|Any CPU.ActiveCfg = Debug|Any CPU
		{232510B7-8AB5-46C1-B6F2-9CEE5C2F9F1D}.Debug|Any CPU.Build.0 = Debug|Any CPU
		{232510B7-8AB5-46C1-B6F2-9CEE5C2F9F1D}.Release|Any CPU.ActiveCfg = Release|Any CPU
		{232510B7-8AB5-46C1-B6F2-9CEE5C2F9F1D}.Release|Any CPU.Build.0 = Release|Any CPU
	EndGlobalSection
	GlobalSection(SolutionProperties) = preSolution
		HideSolutionNode = FALSE
	EndGlobalSection
	GlobalSection(ExtensibilityGlobals) = postSolution
		SolutionGuid = {189A4C26-D8CA-4A8C-82F9-C1E3A2F720F4}
	EndGlobalSection
EndGlobal
