
Microsoft Visual Studio Solution File, Format Version 12.00
# Visual Studio Version 17
VisualStudioVersion = 17.5.33530.505
MinimumVisualStudioVersion = 10.0.40219.1
Project("{9A19103F-16F7-4668-BE54-9A1E7A4F7556}") = "WebApplication1", "WebApplication1\WebApplication1.csproj", "{04EFD1B2-7375-4648-B1F3-D083A454FDCD}"
EndProject
Project("{9A19103F-16F7-4668-BE54-9A1E7A4F7556}") = "OrderAPI", "OrderAPI\OrderAPI.csproj", "{8B0577D6-6F0A-439D-A241-A548940090A9}"
EndProject
Project("{9A19103F-16F7-4668-BE54-9A1E7A4F7556}") = "APIGateway", "APIGateway\APIGateway.csproj", "{C41A3C6C-0420-40F2-91A4-6AB3D64F0422}"
EndProject
Project("{9A19103F-16F7-4668-BE54-9A1E7A4F7556}") = "Client", "Client\Client.csproj", "{E234E416-68C5-4018-8CE1-32F218BB2C9E}"
EndProject
Project("{9A19103F-16F7-4668-BE54-9A1E7A4F7556}") = "Server", "Server\Server.csproj", "{0559E43D-3A02-4B27-8DB5-962294A1B852}"
EndProject
Project("{9A19103F-16F7-4668-BE54-9A1E7A4F7556}") = "IdentityServerEF", "IdentityServerEF\IdentityServerEF.csproj", "{5364C7EC-0199-4D45-A5CA-F83A78D93A83}"
EndProject
Project("{9A19103F-16F7-4668-BE54-9A1E7A4F7556}") = "ServerIDS4", "ServerIDS4\ServerIDS4.csproj", "{CB92C8D4-0388-4AD6-94EB-3A6699FE848A}"
EndProject
Global
	GlobalSection(SolutionConfigurationPlatforms) = preSolution
		Debug|Any CPU = Debug|Any CPU
		Release|Any CPU = Release|Any CPU
	EndGlobalSection
	GlobalSection(ProjectConfigurationPlatforms) = postSolution
		{04EFD1B2-7375-4648-B1F3-D083A454FDCD}.Debug|Any CPU.ActiveCfg = Release|Any CPU
		{04EFD1B2-7375-4648-B1F3-D083A454FDCD}.Debug|Any CPU.Build.0 = Release|Any CPU
		{04EFD1B2-7375-4648-B1F3-D083A454FDCD}.Release|Any CPU.ActiveCfg = Debug|Any CPU
		{04EFD1B2-7375-4648-B1F3-D083A454FDCD}.Release|Any CPU.Build.0 = Debug|Any CPU
		{8B0577D6-6F0A-439D-A241-A548940090A9}.Debug|Any CPU.ActiveCfg = Release|Any CPU
		{8B0577D6-6F0A-439D-A241-A548940090A9}.Debug|Any CPU.Build.0 = Release|Any CPU
		{8B0577D6-6F0A-439D-A241-A548940090A9}.Release|Any CPU.ActiveCfg = Debug|Any CPU
		{8B0577D6-6F0A-439D-A241-A548940090A9}.Release|Any CPU.Build.0 = Debug|Any CPU
		{C41A3C6C-0420-40F2-91A4-6AB3D64F0422}.Debug|Any CPU.ActiveCfg = Release|Any CPU
		{C41A3C6C-0420-40F2-91A4-6AB3D64F0422}.Debug|Any CPU.Build.0 = Release|Any CPU
		{C41A3C6C-0420-40F2-91A4-6AB3D64F0422}.Release|Any CPU.ActiveCfg = Debug|Any CPU
		{C41A3C6C-0420-40F2-91A4-6AB3D64F0422}.Release|Any CPU.Build.0 = Debug|Any CPU
		{E234E416-68C5-4018-8CE1-32F218BB2C9E}.Debug|Any CPU.ActiveCfg = Release|Any CPU
		{E234E416-68C5-4018-8CE1-32F218BB2C9E}.Debug|Any CPU.Build.0 = Release|Any CPU
		{E234E416-68C5-4018-8CE1-32F218BB2C9E}.Release|Any CPU.ActiveCfg = Debug|Any CPU
		{E234E416-68C5-4018-8CE1-32F218BB2C9E}.Release|Any CPU.Build.0 = Debug|Any CPU
		{0559E43D-3A02-4B27-8DB5-962294A1B852}.Debug|Any CPU.ActiveCfg = Release|Any CPU
		{0559E43D-3A02-4B27-8DB5-962294A1B852}.Debug|Any CPU.Build.0 = Release|Any CPU
		{0559E43D-3A02-4B27-8DB5-962294A1B852}.Release|Any CPU.ActiveCfg = Debug|Any CPU
		{0559E43D-3A02-4B27-8DB5-962294A1B852}.Release|Any CPU.Build.0 = Debug|Any CPU
		{5364C7EC-0199-4D45-A5CA-F83A78D93A83}.Debug|Any CPU.ActiveCfg = Release|Any CPU
		{5364C7EC-0199-4D45-A5CA-F83A78D93A83}.Debug|Any CPU.Build.0 = Release|Any CPU
		{5364C7EC-0199-4D45-A5CA-F83A78D93A83}.Release|Any CPU.ActiveCfg = Debug|Any CPU
		{5364C7EC-0199-4D45-A5CA-F83A78D93A83}.Release|Any CPU.Build.0 = Debug|Any CPU
		{CB92C8D4-0388-4AD6-94EB-3A6699FE848A}.Debug|Any CPU.ActiveCfg = Release|Any CPU
		{CB92C8D4-0388-4AD6-94EB-3A6699FE848A}.Debug|Any CPU.Build.0 = Release|Any CPU
		{CB92C8D4-0388-4AD6-94EB-3A6699FE848A}.Release|Any CPU.ActiveCfg = Debug|Any CPU
		{CB92C8D4-0388-4AD6-94EB-3A6699FE848A}.Release|Any CPU.Build.0 = Debug|Any CPU
	EndGlobalSection
	GlobalSection(SolutionProperties) = preSolution
		HideSolutionNode = FALSE
	EndGlobalSection
	GlobalSection(ExtensibilityGlobals) = postSolution
		SolutionGuid = {189A4C26-D8CA-4A8C-82F9-C1E3A2F720F4}
	EndGlobalSection
EndGlobal
